
Microsoft Visual Studio Solution File, Format Version 12.00
# Visual Studio Version 17
VisualStudioVersion = 17.8.36105.29
MinimumVisualStudioVersion = 10.0.40219.1
Project("{9A19103F-16F7-4668-BE54-9A1E7A4F7556}") = "BSS_WEB", "BSS_WEB.csproj", "{B6397DA6-D586-4C85-B4BB-B6F203CCC501}"
EndProject
Global
	GlobalSection(SolutionConfigurationPlatforms) = preSolution
		Debug|Any CPU = Debug|Any CPU
		Release|Any CPU = Release|Any CPU
	EndGlobalSection
	GlobalSection(ProjectConfigurationPlatforms) = postSolution
		{B6397DA6-D586-4C85-B4BB-B6F203CCC501}.Debug|Any CPU.ActiveCfg = Debug|Any CPU
		{B6397DA6-D586-4C85-B4BB-B6F203CCC501}.Debug|Any CPU.Build.0 = Debug|Any CPU
		{B6397DA6-D586-4C85-B4BB-B6F203CCC501}.Release|Any CPU.ActiveCfg = Release|Any CPU
		{B6397DA6-D586-4C85-B4BB-B6F203CCC501}.Release|Any CPU.Build.0 = Release|Any CPU
	EndGlobalSection
	GlobalSection(SolutionProperties) = preSolution
		HideSolutionNode = FALSE
	EndGlobalSection
	GlobalSection(ExtensibilityGlobals) = postSolution
		SolutionGuid = {FB2F1AF0-341E-407F-9BAE-31BA1756D31A}
	EndGlobalSection
EndGlobal
